
Microsoft Visual Studio Solution File, Format Version 12.00
# Visual Studio 2012
Project("{FAE04EC0-301F-11D3-BF4B-00C04F79EFBC}") = "Dym Equation Simulation", "Dym Equation Simulation\Dym Equation Simulation.csproj", "{08E327DB-8891-4B09-A51C-99ABC0D7477F}"
EndProject
Global
	GlobalSection(SolutionConfigurationPlatforms) = preSolution
		Debug|Any CPU = Debug|Any CPU
		Release|Any CPU = Release|Any CPU
	EndGlobalSection
	GlobalSection(ProjectConfigurationPlatforms) = postSolution
		{08E327DB-8891-4B09-A51C-99ABC0D7477F}.Debug|Any CPU.ActiveCfg = Debug|Any CPU
		{08E327DB-8891-4B09-A51C-99ABC0D7477F}.Debug|Any CPU.Build.0 = Debug|Any CPU
		{08E327DB-8891-4B09-A51C-99ABC0D7477F}.Release|Any CPU.ActiveCfg = Release|Any CPU
		{08E327DB-8891-4B09-A51C-99ABC0D7477F}.Release|Any CPU.Build.0 = Release|Any CPU
	EndGlobalSection
	GlobalSection(SolutionProperties) = preSolution
		HideSolutionNode = FALSE
	EndGlobalSection
EndGlobal
