
Microsoft Visual Studio Solution File, Format Version 12.00
# Visual Studio 2012
Project("{FAE04EC0-301F-11D3-BF4B-00C04F79EFBC}") = "RK4_SimplePendulum", "RK4_SimplePendulum\RK4_SimplePendulum.csproj", "{4F3FD8F1-EDE4-4C50-9C71-311C43E35F74}"
EndProject
Global
	GlobalSection(SolutionConfigurationPlatforms) = preSolution
		Debug|Any CPU = Debug|Any CPU
		Release|Any CPU = Release|Any CPU
	EndGlobalSection
	GlobalSection(ProjectConfigurationPlatforms) = postSolution
		{4F3FD8F1-EDE4-4C50-9C71-311C43E35F74}.Debug|Any CPU.ActiveCfg = Debug|Any CPU
		{4F3FD8F1-EDE4-4C50-9C71-311C43E35F74}.Debug|Any CPU.Build.0 = Debug|Any CPU
		{4F3FD8F1-EDE4-4C50-9C71-311C43E35F74}.Release|Any CPU.ActiveCfg = Release|Any CPU
		{4F3FD8F1-EDE4-4C50-9C71-311C43E35F74}.Release|Any CPU.Build.0 = Release|Any CPU
	EndGlobalSection
	GlobalSection(SolutionProperties) = preSolution
		HideSolutionNode = FALSE
	EndGlobalSection
EndGlobal
